
Microsoft Visual Studio Solution File, Format Version 12.00
# Visual Studio 15
VisualStudioVersion = 15.0.26403.7
MinimumVisualStudioVersion = 10.0.40219.1
Project("{FAE04EC0-301F-11D3-BF4B-00C04F79EFBC}") = "SearchBook", "SearchBook\SearchBook.csproj", "{CC28DFA7-FD9E-4D2B-8477-C9F934E5A752}"
EndProject
Project("{FAE04EC0-301F-11D3-BF4B-00C04F79EFBC}") = "SearchBook.Tests", "SearchBook.Tests\SearchBook.Tests.csproj", "{92E0AEC1-49D6-4747-B7DB-5EA4861B29FD}"
EndProject
Global
	GlobalSection(SolutionConfigurationPlatforms) = preSolution
		Debug|Any CPU = Debug|Any CPU
		Release|Any CPU = Release|Any CPU
	EndGlobalSection
	GlobalSection(ProjectConfigurationPlatforms) = postSolution
		{CC28DFA7-FD9E-4D2B-8477-C9F934E5A752}.Debug|Any CPU.ActiveCfg = Debug|Any CPU
		{CC28DFA7-FD9E-4D2B-8477-C9F934E5A752}.Debug|Any CPU.Build.0 = Debug|Any CPU
		{CC28DFA7-FD9E-4D2B-8477-C9F934E5A752}.Release|Any CPU.ActiveCfg = Release|Any CPU
		{CC28DFA7-FD9E-4D2B-8477-C9F934E5A752}.Release|Any CPU.Build.0 = Release|Any CPU
		{92E0AEC1-49D6-4747-B7DB-5EA4861B29FD}.Debug|Any CPU.ActiveCfg = Debug|Any CPU
		{92E0AEC1-49D6-4747-B7DB-5EA4861B29FD}.Debug|Any CPU.Build.0 = Debug|Any CPU
		{92E0AEC1-49D6-4747-B7DB-5EA4861B29FD}.Release|Any CPU.ActiveCfg = Release|Any CPU
		{92E0AEC1-49D6-4747-B7DB-5EA4861B29FD}.Release|Any CPU.Build.0 = Release|Any CPU
	EndGlobalSection
	GlobalSection(SolutionProperties) = preSolution
		HideSolutionNode = FALSE
	EndGlobalSection
EndGlobal
